// !$*UTF8*$!
{
	archiveVersion = 1;
	classes = {
	};
	objectVersion = 50;
	objects = {

/* Begin PBXBuildFile section */
		647B6A5222BB7D9400261727 /* AppDelegate.m in Sources */ = {isa = PBXBuildFile; fileRef = 647B6A5122BB7D9400261727 /* AppDelegate.m */; };
		647B6A5522BB7D9400261727 /* ViewController.m in Sources */ = {isa = PBXBuildFile; fileRef = 647B6A5422BB7D9400261727 /* ViewController.m */; };
		647B6A5822BB7D9400261727 /* Main.storyboard in Resources */ = {isa = PBXBuildFile; fileRef = 647B6A5622BB7D9400261727 /* Main.storyboard */; };
		647B6A5A22BB7D9400261727 /* Assets.xcassets in Resources */ = {isa = PBXBuildFile; fileRef = 647B6A5922BB7D9400261727 /* Assets.xcassets */; };
		647B6A5D22BB7D9400261727 /* LaunchScreen.storyboard in Resources */ = {isa = PBXBuildFile; fileRef = 647B6A5B22BB7D9400261727 /* LaunchScreen.storyboard */; };
		647B6A6022BB7D9400261727 /* main.m in Sources */ = {isa = PBXBuildFile; fileRef = 647B6A5F22BB7D9400261727 /* main.m */; };
		647B6A6A22BB7D9400261727 /* testClassesTests.m in Sources */ = {isa = PBXBuildFile; fileRef = 647B6A6922BB7D9400261727 /* testClassesTests.m */; };
		647B6A7522BB7D9400261727 /* testClassesUITests.m in Sources */ = {isa = PBXBuildFile; fileRef = 647B6A7422BB7D9400261727 /* testClassesUITests.m */; };
		647B6A8522BB7E3C00261727 /* GDRCTestView.m in Sources */ = {isa = PBXBuildFile; fileRef = 647B6A8422BB7E3C00261727 /* GDRCTestView.m */; };
/* End PBXBuildFile section */

/* Begin PBXContainerItemProxy section */
		647B6A6622BB7D9400261727 /* PBXContainerItemProxy */ = {
			isa = PBXContainerItemProxy;
			containerPortal = 647B6A4522BB7D9400261727 /* Project object */;
			proxyType = 1;
			remoteGlobalIDString = 647B6A4C22BB7D9400261727;
			remoteInfo = testClasses;
		};
		647B6A7122BB7D9400261727 /* PBXContainerItemProxy */ = {
			isa = PBXContainerItemProxy;
			containerPortal = 647B6A4522BB7D9400261727 /* Project object */;
			proxyType = 1;
			remoteGlobalIDString = 647B6A4C22BB7D9400261727;
			remoteInfo = testClasses;
		};
/* End PBXContainerItemProxy section */

/* Begin PBXFileReference section */
		647B6A4D22BB7D9400261727 /* testClasses.app */ = {isa = PBXFileReference; explicitFileType = wrapper.application; includeInIndex = 0; path = testClasses.app; sourceTree = BUILT_PRODUCTS_DIR; };
		647B6A5022BB7D9400261727 /* AppDelegate.h */ = {isa = PBXFileReference; lastKnownFileType = sourcecode.c.h; path = AppDelegate.h; sourceTree = "<group>"; };
		647B6A5122BB7D9400261727 /* AppDelegate.m */ = {isa = PBXFileReference; lastKnownFileType = sourcecode.c.objc; path = AppDelegate.m; sourceTree = "<group>"; };
		647B6A5322BB7D9400261727 /* ViewController.h */ = {isa = PBXFileReference; lastKnownFileType = sourcecode.c.h; path = ViewController.h; sourceTree = "<group>"; };
		647B6A5422BB7D9400261727 /* ViewController.m */ = {isa = PBXFileReference; lastKnownFileType = sourcecode.c.objc; path = ViewController.m; sourceTree = "<group>"; };
		647B6A5722BB7D9400261727 /* Base */ = {isa = PBXFileReference; lastKnownFileType = file.storyboard; name = Base; path = Base.lproj/Main.storyboard; sourceTree = "<group>"; };
		647B6A5922BB7D9400261727 /* Assets.xcassets */ = {isa = PBXFileReference; lastKnownFileType = folder.assetcatalog; path = Assets.xcassets; sourceTree = "<group>"; };
		647B6A5C22BB7D9400261727 /* Base */ = {isa = PBXFileReference; lastKnownFileType = file.storyboard; name = Base; path = Base.lproj/LaunchScreen.storyboard; sourceTree = "<group>"; };
		647B6A5E22BB7D9400261727 /* Info.plist */ = {isa = PBXFileReference; lastKnownFileType = text.plist.xml; path = Info.plist; sourceTree = "<group>"; };
		647B6A5F22BB7D9400261727 /* main.m */ = {isa = PBXFileReference; lastKnownFileType = sourcecode.c.objc; path = main.m; sourceTree = "<group>"; };
		647B6A6522BB7D9400261727 /* testClassesTests.xctest */ = {isa = PBXFileReference; explicitFileType = wrapper.cfbundle; includeInIndex = 0; path = testClassesTests.xctest; sourceTree = BUILT_PRODUCTS_DIR; };
		647B6A6922BB7D9400261727 /* testClassesTests.m */ = {isa = PBXFileReference; lastKnownFileType = sourcecode.c.objc; path = testClassesTests.m; sourceTree = "<group>"; };
		647B6A6B22BB7D9400261727 /* Info.plist */ = {isa = PBXFileReference; lastKnownFileType = text.plist.xml; path = Info.plist; sourceTree = "<group>"; };
		647B6A7022BB7D9400261727 /* testClassesUITests.xctest */ = {isa = PBXFileReference; explicitFileType = wrapper.cfbundle; includeInIndex = 0; path = testClassesUITests.xctest; sourceTree = BUILT_PRODUCTS_DIR; };
		647B6A7422BB7D9400261727 /* testClassesUITests.m */ = {isa = PBXFileReference; lastKnownFileType = sourcecode.c.objc; path = testClassesUITests.m; sourceTree = "<group>"; };
		647B6A7622BB7D9400261727 /* Info.plist */ = {isa = PBXFileReference; lastKnownFileType = text.plist.xml; path = Info.plist; sourceTree = "<group>"; };
		647B6A8322BB7E3C00261727 /* GDRCTestView.h */ = {isa = PBXFileReference; lastKnownFileType = sourcecode.c.h; path = GDRCTestView.h; sourceTree = "<group>"; };
		647B6A8422BB7E3C00261727 /* GDRCTestView.m */ = {isa = PBXFileReference; lastKnownFileType = sourcecode.c.objc; path = GDRCTestView.m; sourceTree = "<group>"; };
/* End PBXFileReference section */

/* Begin PBXFrameworksBuildPhase section */
		647B6A4A22BB7D9400261727 /* Frameworks */ = {
			isa = PBXFrameworksBuildPhase;
			buildActionMask = 2147483647;
			files = (
			);
			runOnlyForDeploymentPostprocessing = 0;
		};
		647B6A6222BB7D9400261727 /* Frameworks */ = {
			isa = PBXFrameworksBuildPhase;
			buildActionMask = 2147483647;
			files = (
			);
			runOnlyForDeploymentPostprocessing = 0;
		};
		647B6A6D22BB7D9400261727 /* Frameworks */ = {
			isa = PBXFrameworksBuildPhase;
			buildActionMask = 2147483647;
			files = (
			);
			runOnlyForDeploymentPostprocessing = 0;
		};
/* End PBXFrameworksBuildPhase section */

/* Begin PBXGroup section */
		647B6A4422BB7D9400261727 = {
			isa = PBXGroup;
			children = (
				647B6A4F22BB7D9400261727 /* testClasses */,
				647B6A6822BB7D9400261727 /* testClassesTests */,
				647B6A7322BB7D9400261727 /* testClassesUITests */,
				647B6A4E22BB7D9400261727 /* Products */,
			);
			sourceTree = "<group>";
		};
		647B6A4E22BB7D9400261727 /* Products */ = {
			isa = PBXGroup;
			children = (
				647B6A4D22BB7D9400261727 /* testClasses.app */,
				647B6A6522BB7D9400261727 /* testClassesTests.xctest */,
				647B6A7022BB7D9400261727 /* testClassesUITests.xctest */,
			);
			name = Products;
			sourceTree = "<group>";
		};
		647B6A4F22BB7D9400261727 /* testClasses */ = {
			isa = PBXGroup;
			children = (
				647B6A5022BB7D9400261727 /* AppDelegate.h */,
				647B6A5122BB7D9400261727 /* AppDelegate.m */,
				647B6A5322BB7D9400261727 /* ViewController.h */,
				647B6A5422BB7D9400261727 /* ViewController.m */,
				647B6A8222BB7DE300261727 /* testClasses */,
				647B6A5622BB7D9400261727 /* Main.storyboard */,
				647B6A5922BB7D9400261727 /* Assets.xcassets */,
				647B6A5B22BB7D9400261727 /* LaunchScreen.storyboard */,
				647B6A5E22BB7D9400261727 /* Info.plist */,
				647B6A5F22BB7D9400261727 /* main.m */,
			);
			path = testClasses;
			sourceTree = "<group>";
		};
		647B6A6822BB7D9400261727 /* testClassesTests */ = {
			isa = PBXGroup;
			children = (
				647B6A6922BB7D9400261727 /* testClassesTests.m */,
				647B6A6B22BB7D9400261727 /* Info.plist */,
			);
			path = testClassesTests;
			sourceTree = "<group>";
		};
		647B6A7322BB7D9400261727 /* testClassesUITests */ = {
			isa = PBXGroup;
			children = (
				647B6A7422BB7D9400261727 /* testClassesUITests.m */,
				647B6A7622BB7D9400261727 /* Info.plist */,
			);
			path = testClassesUITests;
			sourceTree = "<group>";
		};
		647B6A8222BB7DE300261727 /* testClasses */ = {
			isa = PBXGroup;
			children = (
				647B6A8322BB7E3C00261727 /* GDRCTestView.h */,
				647B6A8422BB7E3C00261727 /* GDRCTestView.m */,
			);
			path = testClasses;
			sourceTree = "<group>";
		};
/* End PBXGroup section */

/* Begin PBXNativeTarget section */
		647B6A4C22BB7D9400261727 /* testClasses */ = {
			isa = PBXNativeTarget;
			buildConfigurationList = 647B6A7922BB7D9400261727 /* Build configuration list for PBXNativeTarget "testClasses" */;
			buildPhases = (
				647B6A4922BB7D9400261727 /* Sources */,
				647B6A4A22BB7D9400261727 /* Frameworks */,
				647B6A4B22BB7D9400261727 /* Resources */,
			);
			buildRules = (
			);
			dependencies = (
			);
			name = testClasses;
			productName = testClasses;
			productReference = 647B6A4D22BB7D9400261727 /* testClasses.app */;
			productType = "com.apple.product-type.application";
		};
		647B6A6422BB7D9400261727 /* testClassesTests */ = {
			isa = PBXNativeTarget;
			buildConfigurationList = 647B6A7C22BB7D9400261727 /* Build configuration list for PBXNativeTarget "testClassesTests" */;
			buildPhases = (
				647B6A6122BB7D9400261727 /* Sources */,
				647B6A6222BB7D9400261727 /* Frameworks */,
				647B6A6322BB7D9400261727 /* Resources */,
			);
			buildRules = (
			);
			dependencies = (
				647B6A6722BB7D9400261727 /* PBXTargetDependency */,
			);
			name = testClassesTests;
			productName = testClassesTests;
			productReference = 647B6A6522BB7D9400261727 /* testClassesTests.xctest */;
			productType = "com.apple.product-type.bundle.unit-test";
		};
		647B6A6F22BB7D9400261727 /* testClassesUITests */ = {
			isa = PBXNativeTarget;
			buildConfigurationList = 647B6A7F22BB7D9400261727 /* Build configuration list for PBXNativeTarget "testClassesUITests" */;
			buildPhases = (
				647B6A6C22BB7D9400261727 /* Sources */,
				647B6A6D22BB7D9400261727 /* Frameworks */,
				647B6A6E22BB7D9400261727 /* Resources */,
			);
			buildRules = (
			);
			dependencies = (
				647B6A7222BB7D9400261727 /* PBXTargetDependency */,
			);
			name = testClassesUITests;
			productName = testClassesUITests;
			productReference = 647B6A7022BB7D9400261727 /* testClassesUITests.xctest */;
			productType = "com.apple.product-type.bundle.ui-testing";
		};
/* End PBXNativeTarget section */

/* Begin PBXProject section */
		647B6A4522BB7D9400261727 /* Project object */ = {
			isa = PBXProject;
			attributes = {
				LastUpgradeCheck = 1020;
				ORGANIZATIONNAME = KSL;
				TargetAttributes = {
					647B6A4C22BB7D9400261727 = {
						CreatedOnToolsVersion = 10.2.1;
					};
					647B6A6422BB7D9400261727 = {
						CreatedOnToolsVersion = 10.2.1;
						TestTargetID = 647B6A4C22BB7D9400261727;
					};
					647B6A6F22BB7D9400261727 = {
						CreatedOnToolsVersion = 10.2.1;
						TestTargetID = 647B6A4C22BB7D9400261727;
					};
				};
			};
			buildConfigurationList = 647B6A4822BB7D9400261727 /* Build configuration list for PBXProject "testClasses" */;
			compatibilityVersion = "Xcode 9.3";
			developmentRegion = en;
			hasScannedForEncodings = 0;
			knownRegions = (
				en,
				Base,
			);
			mainGroup = 647B6A4422BB7D9400261727;
			productRefGroup = 647B6A4E22BB7D9400261727 /* Products */;
			projectDirPath = "";
			projectRoot = "";
			targets = (
				647B6A4C22BB7D9400261727 /* testClasses */,
				647B6A6422BB7D9400261727 /* testClassesTests */,
				647B6A6F22BB7D9400261727 /* testClassesUITests */,
			);
		};
/* End PBXProject section */

/* Begin PBXResourcesBuildPhase section */
		647B6A4B22BB7D9400261727 /* Resources */ = {
			isa = PBXResourcesBuildPhase;
			buildActionMask = 2147483647;
			files = (
				647B6A5D22BB7D9400261727 /* LaunchScreen.storyboard in Resources */,
				647B6A5A22BB7D9400261727 /* Assets.xcassets in Resources */,
				647B6A5822BB7D9400261727 /* Main.storyboard in Resources */,
			);
			runOnlyForDeploymentPostprocessing = 0;
		};
		647B6A6322BB7D9400261727 /* Resources */ = {
			isa = PBXResourcesBuildPhase;
			buildActionMask = 2147483647;
			files = (
			);
			runOnlyForDeploymentPostprocessing = 0;
		};
		647B6A6E22BB7D9400261727 /* Resources */ = {
			isa = PBXResourcesBuildPhase;
			buildActionMask = 2147483647;
			files = (
			);
			runOnlyForDeploymentPostprocessing = 0;
		};
/* End PBXResourcesBuildPhase section */

/* Begin PBXSourcesBuildPhase section */
		647B6A4922BB7D9400261727 /* Sources */ = {
			isa = PBXSourcesBuildPhase;
			buildActionMask = 2147483647;
			files = (
				647B6A8522BB7E3C00261727 /* GDRCTestView.m in Sources */,
				647B6A5522BB7D9400261727 /* ViewController.m in Sources */,
				647B6A6022BB7D9400261727 /* main.m in Sources */,
				647B6A5222BB7D9400261727 /* AppDelegate.m in Sources */,
			);
			runOnlyForDeploymentPostprocessing = 0;
		};
		647B6A6122BB7D9400261727 /* Sources */ = {
			isa = PBXSourcesBuildPhase;
			buildActionMask = 2147483647;
			files = (
				647B6A6A22BB7D9400261727 /* testClassesTests.m in Sources */,
			);
			runOnlyForDeploymentPostprocessing = 0;
		};
		647B6A6C22BB7D9400261727 /* Sources */ = {
			isa = PBXSourcesBuildPhase;
			buildActionMask = 2147483647;
			files = (
				647B6A7522BB7D9400261727 /* testClassesUITests.m in Sources */,
			);
			runOnlyForDeploymentPostprocessing = 0;
		};
/* End PBXSourcesBuildPhase section */

/* Begin PBXTargetDependency section */
		647B6A6722BB7D9400261727 /* PBXTargetDependency */ = {
			isa = PBXTargetDependency;
			target = 647B6A4C22BB7D9400261727 /* testClasses */;
			targetProxy = 647B6A6622BB7D9400261727 /* PBXContainerItemProxy */;
		};
		647B6A7222BB7D9400261727 /* PBXTargetDependency */ = {
			isa = PBXTargetDependency;
			target = 647B6A4C22BB7D9400261727 /* testClasses */;
			targetProxy = 647B6A7122BB7D9400261727 /* PBXContainerItemProxy */;
		};
/* End PBXTargetDependency section */

/* Begin PBXVariantGroup section */
		647B6A5622BB7D9400261727 /* Main.storyboard */ = {
			isa = PBXVariantGroup;
			children = (
				647B6A5722BB7D9400261727 /* Base */,
			);
			name = Main.storyboard;
			sourceTree = "<group>";
		};
		647B6A5B22BB7D9400261727 /* LaunchScreen.storyboard */ = {
			isa = PBXVariantGroup;
			children = (
				647B6A5C22BB7D9400261727 /* Base */,
			);
			name = LaunchScreen.storyboard;
			sourceTree = "<group>";
		};
/* End PBXVariantGroup section */

/* Begin XCBuildConfiguration section */
		647B6A7722BB7D9400261727 /* Debug */ = {
			isa = XCBuildConfiguration;
			buildSettings = {
				ALWAYS_SEARCH_USER_PATHS = NO;
				CLANG_ANALYZER_NONNULL = YES;
				CLANG_ANALYZER_NUMBER_OBJECT_CONVERSION = YES_AGGRESSIVE;
				CLANG_CXX_LANGUAGE_STANDARD = "gnu++14";
				CLANG_CXX_LIBRARY = "libc++";
				CLANG_ENABLE_MODULES = YES;
				CLANG_ENABLE_OBJC_ARC = YES;
				CLANG_ENABLE_OBJC_WEAK = YES;
				CLANG_WARN_BLOCK_CAPTURE_AUTORELEASING = YES;
				CLANG_WARN_BOOL_CONVERSION = YES;
				CLANG_WARN_COMMA = YES;
				CLANG_WARN_CONSTANT_CONVERSION = YES;
				CLANG_WARN_DEPRECATED_OBJC_IMPLEMENTATIONS = YES;
				CLANG_WARN_DIRECT_OBJC_ISA_USAGE = YES_ERROR;
				CLANG_WARN_DOCUMENTATION_COMMENTS = YES;
				CLANG_WARN_EMPTY_BODY = YES;
				CLANG_WARN_ENUM_CONVERSION = YES;
				CLANG_WARN_INFINITE_RECURSION = YES;
				CLANG_WARN_INT_CONVERSION = YES;
				CLANG_WARN_NON_LITERAL_NULL_CONVERSION = YES;
				CLANG_WARN_OBJC_IMPLICIT_RETAIN_SELF = YES;
				CLANG_WARN_OBJC_LITERAL_CONVERSION = YES;
				CLANG_WARN_OBJC_ROOT_CLASS = YES_ERROR;
				CLANG_WARN_RANGE_LOOP_ANALYSIS = YES;
				CLANG_WARN_STRICT_PROTOTYPES = YES;
				CLANG_WARN_SUSPICIOUS_MOVE = YES;
				CLANG_WARN_UNGUARDED_AVAILABILITY = YES_AGGRESSIVE;
				CLANG_WARN_UNREACHABLE_CODE = YES;
				CLANG_WARN__DUPLICATE_METHOD_MATCH = YES;
				CODE_SIGN_IDENTITY = "iPhone Developer";
				COPY_PHASE_STRIP = NO;
				DEBUG_INFORMATION_FORMAT = dwarf;
				ENABLE_STRICT_OBJC_MSGSEND = YES;
				ENABLE_TESTABILITY = YES;
				GCC_C_LANGUAGE_STANDARD = gnu11;
				GCC_DYNAMIC_NO_PIC = NO;
				GCC_NO_COMMON_BLOCKS = YES;
				GCC_OPTIMIZATION_LEVEL = 0;
				GCC_PREPROCESSOR_DEFINITIONS = (
					"DEBUG=1",
					"$(inherited)",
				);
				GCC_WARN_64_TO_32_BIT_CONVERSION = YES;
				GCC_WARN_ABOUT_RETURN_TYPE = YES_ERROR;
				GCC_WARN_UNDECLARED_SELECTOR = YES;
				GCC_WARN_UNINITIALIZED_AUTOS = YES_AGGRESSIVE;
				GCC_WARN_UNUSED_FUNCTION = YES;
				GCC_WARN_UNUSED_VARIABLE = YES;
				IPHONEOS_DEPLOYMENT_TARGET = 12.2;
				MTL_ENABLE_DEBUG_INFO = INCLUDE_SOURCE;
				MTL_FAST_MATH = YES;
				ONLY_ACTIVE_ARCH = YES;
				SDKROOT = iphoneos;
			};
			name = Debug;
		};
		647B6A7822BB7D9400261727 /* Release */ = {
			isa = XCBuildConfiguration;
			buildSettings = {
				ALWAYS_SEARCH_USER_PATHS = NO;
				CLANG_ANALYZER_NONNULL = YES;
				CLANG_ANALYZER_NUMBER_OBJECT_CONVERSION = YES_AGGRESSIVE;
				CLANG_CXX_LANGUAGE_STANDARD = "gnu++14";
				CLANG_CXX_LIBRARY = "libc++";
				CLANG_ENABLE_MODULES = YES;
				CLANG_ENABLE_OBJC_ARC = YES;
				CLANG_ENABLE_OBJC_WEAK = YES;
				CLANG_WARN_BLOCK_CAPTURE_AUTORELEASING = YES;
				CLANG_WARN_BOOL_CONVERSION = YES;
				CLANG_WARN_COMMA = YES;
				CLANG_WARN_CONSTANT_CONVERSION = YES;
				CLANG_WARN_DEPRECATED_OBJC_IMPLEMENTATIONS = YES;
				CLANG_WARN_DIRECT_OBJC_ISA_USAGE = YES_ERROR;
				CLANG_WARN_DOCUMENTATION_COMMENTS = YES;
				CLANG_WARN_EMPTY_BODY = YES;
				CLANG_WARN_ENUM_CONVERSION = YES;
				CLANG_WARN_INFINITE_RECURSION = YES;
				CLANG_WARN_INT_CONVERSION = YES;
				CLANG_WARN_NON_LITERAL_NULL_CONVERSION = YES;
				CLANG_WARN_OBJC_IMPLICIT_RETAIN_SELF = YES;
				CLANG_WARN_OBJC_LITERAL_CONVERSION = YES;
				CLANG_WARN_OBJC_ROOT_CLASS = YES_ERROR;
				CLANG_WARN_RANGE_LOOP_ANALYSIS = YES;
				CLANG_WARN_STRICT_PROTOTYPES = YES;
				CLANG_WARN_SUSPICIOUS_MOVE = YES;
				CLANG_WARN_UNGUARDED_AVAILABILITY = YES_AGGRESSIVE;
				CLANG_WARN_UNREACHABLE_CODE = YES;
				CLANG_WARN__DUPLICATE_METHOD_MATCH = YES;
				CODE_SIGN_IDENTITY = "iPhone Developer";
				COPY_PHASE_STRIP = NO;
				DEBUG_INFORMATION_FORMAT = "dwarf-with-dsym";
				ENABLE_NS_ASSERTIONS = NO;
				ENABLE_STRICT_OBJC_MSGSEND = YES;
				GCC_C_LANGUAGE_STANDARD = gnu11;
				GCC_NO_COMMON_BLOCKS = YES;
				GCC_WARN_64_TO_32_BIT_CONVERSION = YES;
				GCC_WARN_ABOUT_RETURN_TYPE = YES_ERROR;
				GCC_WARN_UNDECLARED_SELECTOR = YES;
				GCC_WARN_UNINITIALIZED_AUTOS = YES_AGGRESSIVE;
				GCC_WARN_UNUSED_FUNCTION = YES;
				GCC_WARN_UNUSED_VARIABLE = YES;
				IPHONEOS_DEPLOYMENT_TARGET = 12.2;
				MTL_ENABLE_DEBUG_INFO = NO;
				MTL_FAST_MATH = YES;
				SDKROOT = iphoneos;
				VALIDATE_PRODUCT = YES;
			};
			name = Release;
		};
		647B6A7A22BB7D9400261727 /* Debug */ = {
			isa = XCBuildConfiguration;
			buildSettings = {
				ASSETCATALOG_COMPILER_APPICON_NAME = AppIcon;
				CODE_SIGN_STYLE = Automatic;
				INFOPLIST_FILE = testClasses/Info.plist;
				LD_RUNPATH_SEARCH_PATHS = (
					"$(inherited)",
					"@executable_path/Frameworks",
				);
				PRODUCT_BUNDLE_IDENTIFIER = com.KSL.testClasses;
				PRODUCT_NAME = "$(TARGET_NAME)";
				TARGETED_DEVICE_FAMILY = "1,2";
			};
			name = Debug;
		};
		647B6A7B22BB7D9400261727 /* Release */ = {
			isa = XCBuildConfiguration;
			buildSettings = {
				ASSETCATALOG_COMPILER_APPICON_NAME = AppIcon;
				CODE_SIGN_STYLE = Automatic;
				INFOPLIST_FILE = testClasses/Info.plist;
				LD_RUNPATH_SEARCH_PATHS = (
					"$(inherited)",
					"@executable_path/Frameworks",
				);
				PRODUCT_BUNDLE_IDENTIFIER = com.KSL.testClasses;
				PRODUCT_NAME = "$(TARGET_NAME)";
				TARGETED_DEVICE_FAMILY = "1,2";
			};
			name = Release;
		};
		647B6A7D22BB7D9400261727 /* Debug */ = {
			isa = XCBuildConfiguration;
			buildSettings = {
				BUNDLE_LOADER = "$(TEST_HOST)";
				CODE_SIGN_STYLE = Automatic;
				INFOPLIST_FILE = testClassesTests/Info.plist;
				LD_RUNPATH_SEARCH_PATHS = (
					"$(inherited)",
					"@executable_path/Frameworks",
					"@loader_path/Frameworks",
				);
				PRODUCT_BUNDLE_IDENTIFIER = com.KSL.testClassesTests;
				PRODUCT_NAME = "$(TARGET_NAME)";
				TARGETED_DEVICE_FAMILY = "1,2";
				TEST_HOST = "$(BUILT_PRODUCTS_DIR)/testClasses.app/testClasses";
			};
			name = Debug;
		};
		647B6A7E22BB7D9400261727 /* Release */ = {
			isa = XCBuildConfiguration;
			buildSettings = {
				BUNDLE_LOADER = "$(TEST_HOST)";
				CODE_SIGN_STYLE = Automatic;
				INFOPLIST_FILE = testClassesTests/Info.plist;
				LD_RUNPATH_SEARCH_PATHS = (
					"$(inherited)",
					"@executable_path/Frameworks",
					"@loader_path/Frameworks",
				);
				PRODUCT_BUNDLE_IDENTIFIER = com.KSL.testClassesTests;
				PRODUCT_NAME = "$(TARGET_NAME)";
				TARGETED_DEVICE_FAMILY = "1,2";
				TEST_HOST = "$(BUILT_PRODUCTS_DIR)/testClasses.app/testClasses";
			};
			name = Release;
		};
		647B6A8022BB7D9400261727 /* Debug */ = {
			isa = XCBuildConfiguration;
			buildSettings = {
				CODE_SIGN_STYLE = Automatic;
				INFOPLIST_FILE = testClassesUITests/Info.plist;
				LD_RUNPATH_SEARCH_PATHS = (
					"$(inherited)",
					"@executable_path/Frameworks",
					"@loader_path/Frameworks",
				);
				PRODUCT_BUNDLE_IDENTIFIER = com.KSL.testClassesUITests;
				PRODUCT_NAME = "$(TARGET_NAME)";
				TARGETED_DEVICE_FAMILY = "1,2";
				TEST_TARGET_NAME = testClasses;
			};
			name = Debug;
		};
		647B6A8122BB7D9400261727 /* Release */ = {
			isa = XCBuildConfiguration;
			buildSettings = {
				CODE_SIGN_STYLE = Automatic;
				INFOPLIST_FILE = testClassesUITests/Info.plist;
				LD_RUNPATH_SEARCH_PATHS = (
					"$(inherited)",
					"@executable_path/Frameworks",
					"@loader_path/Frameworks",
				);
				PRODUCT_BUNDLE_IDENTIFIER = com.KSL.testClassesUITests;
				PRODUCT_NAME = "$(TARGET_NAME)";
				TARGETED_DEVICE_FAMILY = "1,2";
				TEST_TARGET_NAME = testClasses;
			};
			name = Release;
		};
/* End XCBuildConfiguration section */

/* Begin XCConfigurationList section */
		647B6A4822BB7D9400261727 /* Build configuration list for PBXProject "testClasses" */ = {
			isa = XCConfigurationList;
			buildConfigurations = (
				647B6A7722BB7D9400261727 /* Debug */,
				647B6A7822BB7D9400261727 /* Release */,
			);
			defaultConfigurationIsVisible = 0;
			defaultConfigurationName = Release;
		};
		647B6A7922BB7D9400261727 /* Build configuration list for PBXNativeTarget "testClasses" */ = {
			isa = XCConfigurationList;
			buildConfigurations = (
				647B6A7A22BB7D9400261727 /* Debug */,
				647B6A7B22BB7D9400261727 /* Release */,
			);
			defaultConfigurationIsVisible = 0;
			defaultConfigurationName = Release;
		};
		647B6A7C22BB7D9400261727 /* Build configuration list for PBXNativeTarget "testClassesTests" */ = {
			isa = XCConfigurationList;
			buildConfigurations = (
				647B6A7D22BB7D9400261727 /* Debug */,
				647B6A7E22BB7D9400261727 /* Release */,
			);
			defaultConfigurationIsVisible = 0;
			defaultConfigurationName = Release;
		};
		647B6A7F22BB7D9400261727 /* Build configuration list for PBXNativeTarget "testClassesUITests" */ = {
			isa = XCConfigurationList;
			buildConfigurations = (
				647B6A8022BB7D9400261727 /* Debug */,
				647B6A8122BB7D9400261727 /* Release */,
			);
			defaultConfigurationIsVisible = 0;
			defaultConfigurationName = Release;
		};
/* End XCConfigurationList section */
	};
	rootObject = 647B6A4522BB7D9400261727 /* Project object */;
}
